{
  "name": "@mccue/quark",
  "version": "1.0.2",
  "lockfileVersion": 1,
  "requires": true,
  "dependencies": {
    "@mccue/exceptions": {
      "version": "1.0.1",
      "resolved": "https://registry.npmjs.org/@mccue/exceptions/-/exceptions-1.0.1.tgz",
      "integrity": "sha512-SMKQdkRDDTodVo/5LnH0Udx2j9MSaDT75UisAR3OvY7Yn3AOT22pzEPfty/ItFpfabW/Z3lOiPap+kBWchKj/A=="
    },
    "@types/react": {
      "version": "15.6.6",
      "resolved": "https://registry.npmjs.org/@types/react/-/react-15.6.6.tgz",
      "integrity": "sha512-a45hjEjpRira6tJM8E2/aGDqqNx9/PhtQ4GxEg7MsslTuAKdweWLH0oE2K0dgMFdzw9E2yRB6jqrA8IKXaevwQ=="
    },
    "immutable": {
      "version": "3.8.2",
      "resolved": "https://registry.npmjs.org/immutable/-/immutable-3.8.2.tgz",
      "integrity": "sha1-wkOZUUVbs5kT2vKBN28VMOEErfM="
    },
    "lodash": {
      "version": "4.17.4",
      "resolved": "https://registry.npmjs.org/lodash/-/lodash-4.17.4.tgz",
      "integrity": "sha1-eCA6TRwyiuHYbcpkYONptX9AVa4="
    },
    "typescript": {
      "version": "2.6.1",
      "resolved": "https://registry.npmjs.org/typescript/-/typescript-2.6.1.tgz",
      "integrity": "sha1-7znN6ierrAtQAkLWcmq5DgyEZjE=",
      "dev": true
    }
  }
}
